
Microsoft Visual Studio Solution File, Format Version 12.00
# Visual Studio Version 17
VisualStudioVersion = 17.9.34622.214
MinimumVisualStudioVersion = 10.0.40219.1
Project("{9A19103F-16F7-4668-BE54-9A1E7A4F7556}") = "EmployeeManagememt", "EmployeeManagememt.csproj", "{5E47F2DC-47F6-43F3-A5C6-5800152587DF}"
EndProject
Project("{9A19103F-16F7-4668-BE54-9A1E7A4F7556}") = "EmployeeManagement.Models", "..\EmployeeManagement.Models\EmployeeManagement.Models.csproj", "{92AA4BDD-076D-43C1-B6DA-D24F42B410C3}"
EndProject
Project("{9A19103F-16F7-4668-BE54-9A1E7A4F7556}") = "EmployeeManagement.Services", "..\EmployeeManagement.Services\EmployeeManagement.Services.csproj", "{761E54A4-6811-431C-8026-0B3990EA2252}"
EndProject
Global
	GlobalSection(SolutionConfigurationPlatforms) = preSolution
		Debug|Any CPU = Debug|Any CPU
		Release|Any CPU = Release|Any CPU
	EndGlobalSection
	GlobalSection(ProjectConfigurationPlatforms) = postSolution
		{5E47F2DC-47F6-43F3-A5C6-5800152587DF}.Debug|Any CPU.ActiveCfg = Debug|Any CPU
		{5E47F2DC-47F6-43F3-A5C6-5800152587DF}.Debug|Any CPU.Build.0 = Debug|Any CPU
		{5E47F2DC-47F6-43F3-A5C6-5800152587DF}.Release|Any CPU.ActiveCfg = Release|Any CPU
		{5E47F2DC-47F6-43F3-A5C6-5800152587DF}.Release|Any CPU.Build.0 = Release|Any CPU
		{92AA4BDD-076D-43C1-B6DA-D24F42B410C3}.Debug|Any CPU.ActiveCfg = Debug|Any CPU
		{92AA4BDD-076D-43C1-B6DA-D24F42B410C3}.Debug|Any CPU.Build.0 = Debug|Any CPU
		{92AA4BDD-076D-43C1-B6DA-D24F42B410C3}.Release|Any CPU.ActiveCfg = Release|Any CPU
		{92AA4BDD-076D-43C1-B6DA-D24F42B410C3}.Release|Any CPU.Build.0 = Release|Any CPU
		{761E54A4-6811-431C-8026-0B3990EA2252}.Debug|Any CPU.ActiveCfg = Debug|Any CPU
		{761E54A4-6811-431C-8026-0B3990EA2252}.Debug|Any CPU.Build.0 = Debug|Any CPU
		{761E54A4-6811-431C-8026-0B3990EA2252}.Release|Any CPU.ActiveCfg = Release|Any CPU
		{761E54A4-6811-431C-8026-0B3990EA2252}.Release|Any CPU.Build.0 = Release|Any CPU
	EndGlobalSection
	GlobalSection(SolutionProperties) = preSolution
		HideSolutionNode = FALSE
	EndGlobalSection
	GlobalSection(ExtensibilityGlobals) = postSolution
		SolutionGuid = {4A1DA1AF-555B-4974-B0EA-C063D329A7D4}
	EndGlobalSection
EndGlobal
